
Microsoft Visual Studio Solution File, Format Version 12.00
# Visual Studio Version 17
VisualStudioVersion = 17.10.34928.147
MinimumVisualStudioVersion = 10.0.40219.1
Project("{9A19103F-16F7-4668-BE54-9A1E7A4F7556}") = "DBdemos", "DBdemos\DBdemos.csproj", "{571EA686-D7E0-4307-8025-0BA40FEC24CD}"
EndProject
Project("{9A19103F-16F7-4668-BE54-9A1E7A4F7556}") = "Employee", "BookLibrary\Employee.csproj", "{DE3D8F3A-11D8-4075-B67E-E8EFE74620D1}"
EndProject
Project("{2150E333-8FDC-42A3-9474-1A3956D46DE8}") = "NewFolder1", "NewFolder1", "{2DCEDDB1-CF6F-4A48-A9E4-550123205E6D}"
EndProject
Global
	GlobalSection(SolutionConfigurationPlatforms) = preSolution
		Debug|Any CPU = Debug|Any CPU
		Release|Any CPU = Release|Any CPU
	EndGlobalSection
	GlobalSection(ProjectConfigurationPlatforms) = postSolution
		{571EA686-D7E0-4307-8025-0BA40FEC24CD}.Debug|Any CPU.ActiveCfg = Debug|Any CPU
		{571EA686-D7E0-4307-8025-0BA40FEC24CD}.Debug|Any CPU.Build.0 = Debug|Any CPU
		{571EA686-D7E0-4307-8025-0BA40FEC24CD}.Release|Any CPU.ActiveCfg = Release|Any CPU
		{571EA686-D7E0-4307-8025-0BA40FEC24CD}.Release|Any CPU.Build.0 = Release|Any CPU
		{DE3D8F3A-11D8-4075-B67E-E8EFE74620D1}.Debug|Any CPU.ActiveCfg = Debug|Any CPU
		{DE3D8F3A-11D8-4075-B67E-E8EFE74620D1}.Debug|Any CPU.Build.0 = Debug|Any CPU
		{DE3D8F3A-11D8-4075-B67E-E8EFE74620D1}.Release|Any CPU.ActiveCfg = Release|Any CPU
		{DE3D8F3A-11D8-4075-B67E-E8EFE74620D1}.Release|Any CPU.Build.0 = Release|Any CPU
	EndGlobalSection
	GlobalSection(SolutionProperties) = preSolution
		HideSolutionNode = FALSE
	EndGlobalSection
	GlobalSection(NestedProjects) = preSolution
		{571EA686-D7E0-4307-8025-0BA40FEC24CD} = {2DCEDDB1-CF6F-4A48-A9E4-550123205E6D}
	EndGlobalSection
	GlobalSection(ExtensibilityGlobals) = postSolution
		SolutionGuid = {B1E1469D-A9F1-4044-BADE-BF7A35A4C47A}
	EndGlobalSection
EndGlobal
